
Microsoft Visual Studio Solution File, Format Version 12.00
# Visual Studio Version 17
VisualStudioVersion = 17.6.33829.357
MinimumVisualStudioVersion = 10.0.40219.1
Project("{2150E333-8FDC-42A3-9474-1A3956D46DE8}") = "src", "src", "{708CC477-7E00-4BB5-A820-EFFA5294D08C}"
EndProject
Project("{9A19103F-16F7-4668-BE54-9A1E7A4F7556}") = "DDDExample.domain", "DDDExample.domain\DDDExample.domain.csproj", "{9FFFC30B-DD81-448B-B804-28C5579A6104}"
EndProject
Project("{9A19103F-16F7-4668-BE54-9A1E7A4F7556}") = "DDDExample.Application", "DDDExample.Application\DDDExample.Application.csproj", "{0F9B3BBD-54F6-45B1-B33D-7BE9E8389BDA}"
EndProject
Project("{9A19103F-16F7-4668-BE54-9A1E7A4F7556}") = "DDDExample.Infrastructure", "DDDExample.Infrastructure\DDDExample.Infrastructure.csproj", "{B7A52E09-045D-42ED-9C74-E9730E3AD406}"
EndProject
Project("{9A19103F-16F7-4668-BE54-9A1E7A4F7556}") = "DDDExample.API", "DDDExample.API\DDDExample.API.csproj", "{8E393166-27A6-4D0D-BA95-187E7EDFA2AB}"
EndProject
Global
	GlobalSection(SolutionConfigurationPlatforms) = preSolution
		Debug|Any CPU = Debug|Any CPU
		Release|Any CPU = Release|Any CPU
	EndGlobalSection
	GlobalSection(ProjectConfigurationPlatforms) = postSolution
		{9FFFC30B-DD81-448B-B804-28C5579A6104}.Debug|Any CPU.ActiveCfg = Debug|Any CPU
		{9FFFC30B-DD81-448B-B804-28C5579A6104}.Debug|Any CPU.Build.0 = Debug|Any CPU
		{9FFFC30B-DD81-448B-B804-28C5579A6104}.Release|Any CPU.ActiveCfg = Release|Any CPU
		{9FFFC30B-DD81-448B-B804-28C5579A6104}.Release|Any CPU.Build.0 = Release|Any CPU
		{0F9B3BBD-54F6-45B1-B33D-7BE9E8389BDA}.Debug|Any CPU.ActiveCfg = Debug|Any CPU
		{0F9B3BBD-54F6-45B1-B33D-7BE9E8389BDA}.Debug|Any CPU.Build.0 = Debug|Any CPU
		{0F9B3BBD-54F6-45B1-B33D-7BE9E8389BDA}.Release|Any CPU.ActiveCfg = Release|Any CPU
		{0F9B3BBD-54F6-45B1-B33D-7BE9E8389BDA}.Release|Any CPU.Build.0 = Release|Any CPU
		{B7A52E09-045D-42ED-9C74-E9730E3AD406}.Debug|Any CPU.ActiveCfg = Debug|Any CPU
		{B7A52E09-045D-42ED-9C74-E9730E3AD406}.Debug|Any CPU.Build.0 = Debug|Any CPU
		{B7A52E09-045D-42ED-9C74-E9730E3AD406}.Release|Any CPU.ActiveCfg = Release|Any CPU
		{B7A52E09-045D-42ED-9C74-E9730E3AD406}.Release|Any CPU.Build.0 = Release|Any CPU
		{8E393166-27A6-4D0D-BA95-187E7EDFA2AB}.Debug|Any CPU.ActiveCfg = Debug|Any CPU
		{8E393166-27A6-4D0D-BA95-187E7EDFA2AB}.Debug|Any CPU.Build.0 = Debug|Any CPU
		{8E393166-27A6-4D0D-BA95-187E7EDFA2AB}.Release|Any CPU.ActiveCfg = Release|Any CPU
		{8E393166-27A6-4D0D-BA95-187E7EDFA2AB}.Release|Any CPU.Build.0 = Release|Any CPU
	EndGlobalSection
	GlobalSection(SolutionProperties) = preSolution
		HideSolutionNode = FALSE
	EndGlobalSection
	GlobalSection(NestedProjects) = preSolution
		{9FFFC30B-DD81-448B-B804-28C5579A6104} = {708CC477-7E00-4BB5-A820-EFFA5294D08C}
		{0F9B3BBD-54F6-45B1-B33D-7BE9E8389BDA} = {708CC477-7E00-4BB5-A820-EFFA5294D08C}
		{B7A52E09-045D-42ED-9C74-E9730E3AD406} = {708CC477-7E00-4BB5-A820-EFFA5294D08C}
		{8E393166-27A6-4D0D-BA95-187E7EDFA2AB} = {708CC477-7E00-4BB5-A820-EFFA5294D08C}
	EndGlobalSection
	GlobalSection(ExtensibilityGlobals) = postSolution
		SolutionGuid = {FF14B1B8-3F73-4663-91DC-574F0B824CA9}
	EndGlobalSection
EndGlobal
